
Microsoft Visual Studio Solution File, Format Version 12.00
Project("{FAE04EC0-301F-11D3-BF4B-00C04F79EFBC}") = "ARINC-424-Encoder", "ARINC-424-Encoder.csproj", "{C2A30A9A-6535-48A7-868C-2A5181BE575D}"
EndProject
Project("{FAE04EC0-301F-11D3-BF4B-00C04F79EFBC}") = "EncoderTester", "EncoderTester\EncoderTester.csproj", "{39B50DC1-3793-4505-9446-B36C76D3A200}"
EndProject
Global
	GlobalSection(SolutionConfigurationPlatforms) = preSolution
		Debug|Any CPU = Debug|Any CPU
		Release|Any CPU = Release|Any CPU
	EndGlobalSection
	GlobalSection(ProjectConfigurationPlatforms) = postSolution
		{C2A30A9A-6535-48A7-868C-2A5181BE575D}.Debug|Any CPU.ActiveCfg = Debug|Any CPU
		{C2A30A9A-6535-48A7-868C-2A5181BE575D}.Debug|Any CPU.Build.0 = Debug|Any CPU
		{C2A30A9A-6535-48A7-868C-2A5181BE575D}.Release|Any CPU.ActiveCfg = Release|Any CPU
		{C2A30A9A-6535-48A7-868C-2A5181BE575D}.Release|Any CPU.Build.0 = Release|Any CPU
		{39B50DC1-3793-4505-9446-B36C76D3A200}.Debug|Any CPU.ActiveCfg = Debug|Any CPU
		{39B50DC1-3793-4505-9446-B36C76D3A200}.Debug|Any CPU.Build.0 = Debug|Any CPU
		{39B50DC1-3793-4505-9446-B36C76D3A200}.Release|Any CPU.ActiveCfg = Release|Any CPU
		{39B50DC1-3793-4505-9446-B36C76D3A200}.Release|Any CPU.Build.0 = Release|Any CPU
	EndGlobalSection
EndGlobal
